
Microsoft Visual Studio Solution File, Format Version 12.00
# Visual Studio Version 17
VisualStudioVersion = 17.0.31521.260
MinimumVisualStudioVersion = 10.0.40219.1
Project("{9A19103F-16F7-4668-BE54-9A1E7A4F7556}") = "BotFramework", "BotFramework\BotFramework.csproj", "{C35DA4BB-802F-457D-84F5-CDE25C16CC36}"
EndProject
Project("{2150E333-8FDC-42A3-9474-1A3956D46DE8}") = "Solution Items", "Solution Items", "{792F10C0-0A6A-457E-B94F-DA937428E324}"
	ProjectSection(SolutionItems) = preProject
		.editorconfig = .editorconfig
	EndProjectSection
EndProject
Project("{2150E333-8FDC-42A3-9474-1A3956D46DE8}") = "Tests", "Tests", "{E8A2CE81-FE3A-49D1-87C4-9E0E0AA10F07}"
EndProject
Project("{9A19103F-16F7-4668-BE54-9A1E7A4F7556}") = "BotFramework.Tests", "BotFramework.Tests\BotFramework.Tests.csproj", "{0374D7A0-B492-4497-A3EE-E85A131B71C8}"
EndProject
Project("{2150E333-8FDC-42A3-9474-1A3956D46DE8}") = "Examples", "Examples", "{E59A7AC5-350D-424E-85D8-E83EE12DCD36}"
EndProject
Project("{9A19103F-16F7-4668-BE54-9A1E7A4F7556}") = "BotAsWorkerService", "Examples\BotAsWorkerService\BotAsWorkerService.csproj", "{952B094B-E292-4253-9AA9-ECB18C4A5270}"
	ProjectSection(ProjectDependencies) = postProject
		{C35DA4BB-802F-457D-84F5-CDE25C16CC36} = {C35DA4BB-802F-457D-84F5-CDE25C16CC36}
	EndProjectSection
EndProject
Project("{9A19103F-16F7-4668-BE54-9A1E7A4F7556}") = "MsgDumpBot", "Examples\MsgDumpBot\MsgDumpBot.csproj", "{61B6E441-97DA-479A-82C7-BE3905139C0C}"
	ProjectSection(ProjectDependencies) = postProject
		{C35DA4BB-802F-457D-84F5-CDE25C16CC36} = {C35DA4BB-802F-457D-84F5-CDE25C16CC36}
	EndProjectSection
EndProject
Project("{9A19103F-16F7-4668-BE54-9A1E7A4F7556}") = "BotFramework.Webhook", "BotFramework.Webhook\BotFramework.Webhook.csproj", "{622D7FDB-0DB3-4119-8531-8086EA6071F6}"
EndProject
Project("{FAE04EC0-301F-11D3-BF4B-00C04F79EFBC}") = "Webhooks", "Examples\Webhooks\Webhooks.csproj", "{32A8CB0D-78C5-4B1C-A705-9F571BCFEF51}"
EndProject
Project("{FAE04EC0-301F-11D3-BF4B-00C04F79EFBC}") = "EnumGenerator", "EnumGenerator\EnumGenerator.csproj", "{5E316B28-FD9A-4A58-B2F5-4D2BEA44E13C}"
EndProject
Global
	GlobalSection(SolutionConfigurationPlatforms) = preSolution
		Debug|Any CPU = Debug|Any CPU
		Deploy|Any CPU = Deploy|Any CPU
		Release|Any CPU = Release|Any CPU
	EndGlobalSection
	GlobalSection(ProjectConfigurationPlatforms) = postSolution
		{C35DA4BB-802F-457D-84F5-CDE25C16CC36}.Debug|Any CPU.ActiveCfg = Debug|Any CPU
		{C35DA4BB-802F-457D-84F5-CDE25C16CC36}.Debug|Any CPU.Build.0 = Debug|Any CPU
		{C35DA4BB-802F-457D-84F5-CDE25C16CC36}.Deploy|Any CPU.ActiveCfg = Deploy|Any CPU
		{C35DA4BB-802F-457D-84F5-CDE25C16CC36}.Deploy|Any CPU.Build.0 = Deploy|Any CPU
		{C35DA4BB-802F-457D-84F5-CDE25C16CC36}.Release|Any CPU.ActiveCfg = Release|Any CPU
		{C35DA4BB-802F-457D-84F5-CDE25C16CC36}.Release|Any CPU.Build.0 = Release|Any CPU
		{0374D7A0-B492-4497-A3EE-E85A131B71C8}.Debug|Any CPU.ActiveCfg = Debug|Any CPU
		{0374D7A0-B492-4497-A3EE-E85A131B71C8}.Debug|Any CPU.Build.0 = Debug|Any CPU
		{0374D7A0-B492-4497-A3EE-E85A131B71C8}.Deploy|Any CPU.ActiveCfg = Debug|Any CPU
		{0374D7A0-B492-4497-A3EE-E85A131B71C8}.Deploy|Any CPU.Build.0 = Debug|Any CPU
		{0374D7A0-B492-4497-A3EE-E85A131B71C8}.Release|Any CPU.ActiveCfg = Release|Any CPU
		{0374D7A0-B492-4497-A3EE-E85A131B71C8}.Release|Any CPU.Build.0 = Release|Any CPU
		{952B094B-E292-4253-9AA9-ECB18C4A5270}.Debug|Any CPU.ActiveCfg = Debug|Any CPU
		{952B094B-E292-4253-9AA9-ECB18C4A5270}.Debug|Any CPU.Build.0 = Debug|Any CPU
		{952B094B-E292-4253-9AA9-ECB18C4A5270}.Deploy|Any CPU.ActiveCfg = Debug|Any CPU
		{952B094B-E292-4253-9AA9-ECB18C4A5270}.Deploy|Any CPU.Build.0 = Debug|Any CPU
		{952B094B-E292-4253-9AA9-ECB18C4A5270}.Release|Any CPU.ActiveCfg = Release|Any CPU
		{952B094B-E292-4253-9AA9-ECB18C4A5270}.Release|Any CPU.Build.0 = Release|Any CPU
		{61B6E441-97DA-479A-82C7-BE3905139C0C}.Debug|Any CPU.ActiveCfg = Debug|Any CPU
		{61B6E441-97DA-479A-82C7-BE3905139C0C}.Debug|Any CPU.Build.0 = Debug|Any CPU
		{61B6E441-97DA-479A-82C7-BE3905139C0C}.Deploy|Any CPU.ActiveCfg = Debug|Any CPU
		{61B6E441-97DA-479A-82C7-BE3905139C0C}.Deploy|Any CPU.Build.0 = Debug|Any CPU
		{61B6E441-97DA-479A-82C7-BE3905139C0C}.Release|Any CPU.ActiveCfg = Release|Any CPU
		{61B6E441-97DA-479A-82C7-BE3905139C0C}.Release|Any CPU.Build.0 = Release|Any CPU
		{622D7FDB-0DB3-4119-8531-8086EA6071F6}.Debug|Any CPU.ActiveCfg = Debug|Any CPU
		{622D7FDB-0DB3-4119-8531-8086EA6071F6}.Debug|Any CPU.Build.0 = Debug|Any CPU
		{622D7FDB-0DB3-4119-8531-8086EA6071F6}.Deploy|Any CPU.ActiveCfg = Debug|Any CPU
		{622D7FDB-0DB3-4119-8531-8086EA6071F6}.Deploy|Any CPU.Build.0 = Debug|Any CPU
		{622D7FDB-0DB3-4119-8531-8086EA6071F6}.Release|Any CPU.ActiveCfg = Release|Any CPU
		{622D7FDB-0DB3-4119-8531-8086EA6071F6}.Release|Any CPU.Build.0 = Release|Any CPU
		{32A8CB0D-78C5-4B1C-A705-9F571BCFEF51}.Debug|Any CPU.ActiveCfg = Debug|Any CPU
		{32A8CB0D-78C5-4B1C-A705-9F571BCFEF51}.Debug|Any CPU.Build.0 = Debug|Any CPU
		{32A8CB0D-78C5-4B1C-A705-9F571BCFEF51}.Deploy|Any CPU.ActiveCfg = Debug|Any CPU
		{32A8CB0D-78C5-4B1C-A705-9F571BCFEF51}.Deploy|Any CPU.Build.0 = Debug|Any CPU
		{32A8CB0D-78C5-4B1C-A705-9F571BCFEF51}.Release|Any CPU.ActiveCfg = Release|Any CPU
		{32A8CB0D-78C5-4B1C-A705-9F571BCFEF51}.Release|Any CPU.Build.0 = Release|Any CPU
		{5E316B28-FD9A-4A58-B2F5-4D2BEA44E13C}.Debug|Any CPU.ActiveCfg = Debug|Any CPU
		{5E316B28-FD9A-4A58-B2F5-4D2BEA44E13C}.Debug|Any CPU.Build.0 = Debug|Any CPU
		{5E316B28-FD9A-4A58-B2F5-4D2BEA44E13C}.Deploy|Any CPU.ActiveCfg = Debug|Any CPU
		{5E316B28-FD9A-4A58-B2F5-4D2BEA44E13C}.Deploy|Any CPU.Build.0 = Debug|Any CPU
		{5E316B28-FD9A-4A58-B2F5-4D2BEA44E13C}.Release|Any CPU.ActiveCfg = Release|Any CPU
		{5E316B28-FD9A-4A58-B2F5-4D2BEA44E13C}.Release|Any CPU.Build.0 = Release|Any CPU
	EndGlobalSection
	GlobalSection(SolutionProperties) = preSolution
		HideSolutionNode = FALSE
	EndGlobalSection
	GlobalSection(NestedProjects) = preSolution
		{0374D7A0-B492-4497-A3EE-E85A131B71C8} = {E8A2CE81-FE3A-49D1-87C4-9E0E0AA10F07}
		{952B094B-E292-4253-9AA9-ECB18C4A5270} = {E59A7AC5-350D-424E-85D8-E83EE12DCD36}
		{61B6E441-97DA-479A-82C7-BE3905139C0C} = {E59A7AC5-350D-424E-85D8-E83EE12DCD36}
		{32A8CB0D-78C5-4B1C-A705-9F571BCFEF51} = {E59A7AC5-350D-424E-85D8-E83EE12DCD36}
	EndGlobalSection
	GlobalSection(ExtensibilityGlobals) = postSolution
		SolutionGuid = {2C8255F6-EA14-464E-A7CB-947B231E0433}
	EndGlobalSection
EndGlobal
